
Microsoft Visual Studio Solution File, Format Version 12.00
# Visual Studio Version 16
VisualStudioVersion = 16.0.33920.266
MinimumVisualStudioVersion = 10.0.40219.1
Project("{FAE04EC0-301F-11D3-BF4B-00C04F79EFBC}") = "BankingSystem", "BankingSystem\BankingSystem.csproj", "{3A280FBE-89B7-4C34-BC08-540C1D418558}"
EndProject
Project("{FAE04EC0-301F-11D3-BF4B-00C04F79EFBC}") = "BS.Model", "BS.Model\BS.Model.csproj", "{A3DBC671-A8B2-4532-BA03-6C8062E19B8C}"
EndProject
Project("{FAE04EC0-301F-11D3-BF4B-00C04F79EFBC}") = "BS.DataAccess", "BS.DataAccess\BS.DataAccess.csproj", "{F083D8ED-F218-441C-AB0E-86D0CA889ECA}"
EndProject
Global
	GlobalSection(SolutionConfigurationPlatforms) = preSolution
		Debug|Any CPU = Debug|Any CPU
		Release|Any CPU = Release|Any CPU
	EndGlobalSection
	GlobalSection(ProjectConfigurationPlatforms) = postSolution
		{3A280FBE-89B7-4C34-BC08-540C1D418558}.Debug|Any CPU.ActiveCfg = Debug|Any CPU
		{3A280FBE-89B7-4C34-BC08-540C1D418558}.Debug|Any CPU.Build.0 = Debug|Any CPU
		{3A280FBE-89B7-4C34-BC08-540C1D418558}.Release|Any CPU.ActiveCfg = Release|Any CPU
		{3A280FBE-89B7-4C34-BC08-540C1D418558}.Release|Any CPU.Build.0 = Release|Any CPU
		{A3DBC671-A8B2-4532-BA03-6C8062E19B8C}.Debug|Any CPU.ActiveCfg = Debug|Any CPU
		{A3DBC671-A8B2-4532-BA03-6C8062E19B8C}.Debug|Any CPU.Build.0 = Debug|Any CPU
		{A3DBC671-A8B2-4532-BA03-6C8062E19B8C}.Release|Any CPU.ActiveCfg = Release|Any CPU
		{A3DBC671-A8B2-4532-BA03-6C8062E19B8C}.Release|Any CPU.Build.0 = Release|Any CPU
		{F083D8ED-F218-441C-AB0E-86D0CA889ECA}.Debug|Any CPU.ActiveCfg = Debug|Any CPU
		{F083D8ED-F218-441C-AB0E-86D0CA889ECA}.Debug|Any CPU.Build.0 = Debug|Any CPU
		{F083D8ED-F218-441C-AB0E-86D0CA889ECA}.Release|Any CPU.ActiveCfg = Release|Any CPU
		{F083D8ED-F218-441C-AB0E-86D0CA889ECA}.Release|Any CPU.Build.0 = Release|Any CPU
	EndGlobalSection
	GlobalSection(SolutionProperties) = preSolution
		HideSolutionNode = FALSE
	EndGlobalSection
	GlobalSection(ExtensibilityGlobals) = postSolution
		SolutionGuid = {49847414-055F-43E9-B827-BB76F881E85D}
	EndGlobalSection
EndGlobal
